
Microsoft Visual Studio Solution File, Format Version 12.00
# Visual Studio Version 16
VisualStudioVersion = 16.0.30204.135
MinimumVisualStudioVersion = 10.0.40219.1
Project("{FAE04EC0-301F-11D3-BF4B-00C04F79EFBC}") = "CheckCng", "CheckCng.csproj", "{FEF23EF4-5D96-4A68-84A1-0C0974E03D99}"
EndProject
Global
	GlobalSection(SolutionConfigurationPlatforms) = preSolution
		Debug|Any CPU = Debug|Any CPU
		Release|Any CPU = Release|Any CPU
	EndGlobalSection
	GlobalSection(ProjectConfigurationPlatforms) = postSolution
		{FEF23EF4-5D96-4A68-84A1-0C0974E03D99}.Debug|Any CPU.ActiveCfg = Debug|Any CPU
		{FEF23EF4-5D96-4A68-84A1-0C0974E03D99}.Debug|Any CPU.Build.0 = Debug|Any CPU
		{FEF23EF4-5D96-4A68-84A1-0C0974E03D99}.Release|Any CPU.ActiveCfg = Release|Any CPU
		{FEF23EF4-5D96-4A68-84A1-0C0974E03D99}.Release|Any CPU.Build.0 = Release|Any CPU
	EndGlobalSection
	GlobalSection(SolutionProperties) = preSolution
		HideSolutionNode = FALSE
	EndGlobalSection
	GlobalSection(ExtensibilityGlobals) = postSolution
		SolutionGuid = {9FC6065A-6C30-4D39-9964-F169DB312EDE}
	EndGlobalSection
EndGlobal
